
Microsoft Visual Studio Solution File, Format Version 12.00
Project("{FAE04EC0-301F-11D3-BF4B-00C04F79EFBC}") = "лабораторная 1.1", "лабораторная 1.1\лабораторная 1.1.csproj", "{D2CCBB7E-58AF-436F-9684-14586D19D9C9}"
EndProject
Global
	GlobalSection(SolutionConfigurationPlatforms) = preSolution
		Debug|Any CPU = Debug|Any CPU
		Release|Any CPU = Release|Any CPU
	EndGlobalSection
	GlobalSection(ProjectConfigurationPlatforms) = postSolution
		{D2CCBB7E-58AF-436F-9684-14586D19D9C9}.Debug|Any CPU.ActiveCfg = Debug|Any CPU
		{D2CCBB7E-58AF-436F-9684-14586D19D9C9}.Debug|Any CPU.Build.0 = Debug|Any CPU
		{D2CCBB7E-58AF-436F-9684-14586D19D9C9}.Release|Any CPU.ActiveCfg = Release|Any CPU
		{D2CCBB7E-58AF-436F-9684-14586D19D9C9}.Release|Any CPU.Build.0 = Release|Any CPU
	EndGlobalSection
EndGlobal
