
Microsoft Visual Studio Solution File, Format Version 12.00
Project("{FAE04EC0-301F-11D3-BF4B-00C04F79EFBC}") = "лабораторная 1.2", "лабораторная 1.2\лабораторная 1.2.csproj", "{6FA6D2F5-46D7-4A1F-B386-A1D03FEA7D3E}"
EndProject
Global
	GlobalSection(SolutionConfigurationPlatforms) = preSolution
		Debug|Any CPU = Debug|Any CPU
		Release|Any CPU = Release|Any CPU
	EndGlobalSection
	GlobalSection(ProjectConfigurationPlatforms) = postSolution
		{6FA6D2F5-46D7-4A1F-B386-A1D03FEA7D3E}.Debug|Any CPU.ActiveCfg = Debug|Any CPU
		{6FA6D2F5-46D7-4A1F-B386-A1D03FEA7D3E}.Debug|Any CPU.Build.0 = Debug|Any CPU
		{6FA6D2F5-46D7-4A1F-B386-A1D03FEA7D3E}.Release|Any CPU.ActiveCfg = Release|Any CPU
		{6FA6D2F5-46D7-4A1F-B386-A1D03FEA7D3E}.Release|Any CPU.Build.0 = Release|Any CPU
	EndGlobalSection
EndGlobal
